Microsoft Visual Studio Solution File, Format Version 12.00
# Visual Studio 15
VisualStudioVersion = 15.0.28010.2048
MinimumVisualStudioVersion = 10.0.40219.1
Project("{9A19103F-16F7-4668-BE54-9A1E7A4F7556}") = "SmtuSchedule.Core", "SmtuSchedule.Core\SmtuSchedule.Core.csproj", "{17E55DC0-0840-46F6-AB3E-6B33118E7633}"
EndProject
Project("{FAE04EC0-301F-11D3-BF4B-00C04F79EFBC}") = "SmtuSchedule.Android", "SmtuSchedule.Android\SmtuSchedule.Android.csproj", "{8F86F42B-153C-4832-AF24-545D6AD9336B}"
	ProjectSection(ProjectDependencies) = postProject
		{17E55DC0-0840-46F6-AB3E-6B33118E7633} = {17E55DC0-0840-46F6-AB3E-6B33118E7633}
	EndProjectSection
EndProject
Global
	GlobalSection(SolutionConfigurationPlatforms) = preSolution
		Debug|Any CPU = Debug|Any CPU
		Release|Any CPU = Release|Any CPU
	EndGlobalSection
	GlobalSection(ProjectConfigurationPlatforms) = postSolution
		{17E55DC0-0840-46F6-AB3E-6B33118E7633}.Debug|Any CPU.ActiveCfg = Debug|Any CPU
		{17E55DC0-0840-46F6-AB3E-6B33118E7633}.Debug|Any CPU.Build.0 = Debug|Any CPU
		{17E55DC0-0840-46F6-AB3E-6B33118E7633}.Release|Any CPU.ActiveCfg = Release|Any CPU
		{17E55DC0-0840-46F6-AB3E-6B33118E7633}.Release|Any CPU.Build.0 = Release|Any CPU
		{8F86F42B-153C-4832-AF24-545D6AD9336B}.Debug|Any CPU.ActiveCfg = Debug|Any CPU
		{8F86F42B-153C-4832-AF24-545D6AD9336B}.Debug|Any CPU.Build.0 = Debug|Any CPU
		{8F86F42B-153C-4832-AF24-545D6AD9336B}.Debug|Any CPU.Deploy.0 = Debug|Any CPU
		{8F86F42B-153C-4832-AF24-545D6AD9336B}.Release|Any CPU.ActiveCfg = Release|Any CPU
		{8F86F42B-153C-4832-AF24-545D6AD9336B}.Release|Any CPU.Build.0 = Release|Any CPU
		{8F86F42B-153C-4832-AF24-545D6AD9336B}.Release|Any CPU.Deploy.0 = Release|Any CPU
	EndGlobalSection
	GlobalSection(SolutionProperties) = preSolution
		HideSolutionNode = FALSE
	EndGlobalSection
	GlobalSection(ExtensibilityGlobals) = postSolution
		SolutionGuid = {3C732A81-48F0-424D-8A2E-3C15D4CEB891}
	EndGlobalSection
EndGlobal
